
Microsoft Visual Studio Solution File, Format Version 12.00
# Visual Studio Version 17
VisualStudioVersion = 17.14.37027.9 d17.14
MinimumVisualStudioVersion = 10.0.40219.1
Project("{FAE04EC0-301F-11D3-BF4B-00C04F79EFBC}") = "LensBook", "LensBook\LensBook.csproj", "{735AC943-E86B-49AB-A7EC-897A37BCE946}"
EndProject
Global
	GlobalSection(SolutionConfigurationPlatforms) = preSolution
		Debug|Any CPU = Debug|Any CPU
		Release|Any CPU = Release|Any CPU
	EndGlobalSection
	GlobalSection(ProjectConfigurationPlatforms) = postSolution
		{735AC943-E86B-49AB-A7EC-897A37BCE946}.Debug|Any CPU.ActiveCfg = Debug|Any CPU
		{735AC943-E86B-49AB-A7EC-897A37BCE946}.Debug|Any CPU.Build.0 = Debug|Any CPU
		{735AC943-E86B-49AB-A7EC-897A37BCE946}.Release|Any CPU.ActiveCfg = Release|Any CPU
		{735AC943-E86B-49AB-A7EC-897A37BCE946}.Release|Any CPU.Build.0 = Release|Any CPU
	EndGlobalSection
	GlobalSection(SolutionProperties) = preSolution
		HideSolutionNode = FALSE
	EndGlobalSection
	GlobalSection(ExtensibilityGlobals) = postSolution
		SolutionGuid = {FE318F63-FAF3-41AF-9A47-014C687A0698}
	EndGlobalSection
EndGlobal
